
Microsoft Visual Studio Solution File, Format Version 12.00
# Visual Studio Version 17
VisualStudioVersion = 17.14.36203.30 d17.14
MinimumVisualStudioVersion = 10.0.40219.1
Project("{FAE04EC0-301F-11D3-BF4B-00C04F79EFBC}") = "1.4", "1.4\1.4.csproj", "{384D9F0D-8280-47F9-A20A-327B1118C207}"
EndProject
Global
	GlobalSection(SolutionConfigurationPlatforms) = preSolution
		Debug|Any CPU = Debug|Any CPU
		Release|Any CPU = Release|Any CPU
	EndGlobalSection
	GlobalSection(ProjectConfigurationPlatforms) = postSolution
		{384D9F0D-8280-47F9-A20A-327B1118C207}.Debug|Any CPU.ActiveCfg = Debug|Any CPU
		{384D9F0D-8280-47F9-A20A-327B1118C207}.Debug|Any CPU.Build.0 = Debug|Any CPU
		{384D9F0D-8280-47F9-A20A-327B1118C207}.Release|Any CPU.ActiveCfg = Release|Any CPU
		{384D9F0D-8280-47F9-A20A-327B1118C207}.Release|Any CPU.Build.0 = Release|Any CPU
	EndGlobalSection
	GlobalSection(SolutionProperties) = preSolution
		HideSolutionNode = FALSE
	EndGlobalSection
	GlobalSection(ExtensibilityGlobals) = postSolution
		SolutionGuid = {A328CB4C-8579-4625-B0C0-EA7577C95F23}
	EndGlobalSection
EndGlobal
