
Microsoft Visual Studio Solution File, Format Version 12.00
# Visual Studio Version 17
VisualStudioVersion = 17.14.36203.30 d17.14
MinimumVisualStudioVersion = 10.0.40219.1
Project("{FAE04EC0-301F-11D3-BF4B-00C04F79EFBC}") = "1.5", "1.5\1.5.csproj", "{FA44EEC6-D0C8-4E36-8121-0BE96DA7184F}"
EndProject
Global
	GlobalSection(SolutionConfigurationPlatforms) = preSolution
		Debug|Any CPU = Debug|Any CPU
		Release|Any CPU = Release|Any CPU
	EndGlobalSection
	GlobalSection(ProjectConfigurationPlatforms) = postSolution
		{FA44EEC6-D0C8-4E36-8121-0BE96DA7184F}.Debug|Any CPU.ActiveCfg = Debug|Any CPU
		{FA44EEC6-D0C8-4E36-8121-0BE96DA7184F}.Debug|Any CPU.Build.0 = Debug|Any CPU
		{FA44EEC6-D0C8-4E36-8121-0BE96DA7184F}.Release|Any CPU.ActiveCfg = Release|Any CPU
		{FA44EEC6-D0C8-4E36-8121-0BE96DA7184F}.Release|Any CPU.Build.0 = Release|Any CPU
	EndGlobalSection
	GlobalSection(SolutionProperties) = preSolution
		HideSolutionNode = FALSE
	EndGlobalSection
	GlobalSection(ExtensibilityGlobals) = postSolution
		SolutionGuid = {BD7D83A3-5B61-4C6D-AF57-261A8AF02AE7}
	EndGlobalSection
EndGlobal
